
Microsoft Visual Studio Solution File, Format Version 12.00
# Visual Studio Version 17
VisualStudioVersion = 17.2.32602.215
MinimumVisualStudioVersion = 10.0.40219.1
Project("{FAE04EC0-301F-11D3-BF4B-00C04F79EFBC}") = "Pi", "Pi\Pi.csproj", "{9FF8734B-7D8F-443D-9AE7-7D24C92606B2}"
EndProject
Global
	GlobalSection(SolutionConfigurationPlatforms) = preSolution
		Debug|Any CPU = Debug|Any CPU
		Release|Any CPU = Release|Any CPU
	EndGlobalSection
	GlobalSection(ProjectConfigurationPlatforms) = postSolution
		{9FF8734B-7D8F-443D-9AE7-7D24C92606B2}.Debug|Any CPU.ActiveCfg = Debug|Any CPU
		{9FF8734B-7D8F-443D-9AE7-7D24C92606B2}.Debug|Any CPU.Build.0 = Debug|Any CPU
		{9FF8734B-7D8F-443D-9AE7-7D24C92606B2}.Release|Any CPU.ActiveCfg = Release|Any CPU
		{9FF8734B-7D8F-443D-9AE7-7D24C92606B2}.Release|Any CPU.Build.0 = Release|Any CPU
	EndGlobalSection
	GlobalSection(SolutionProperties) = preSolution
		HideSolutionNode = FALSE
	EndGlobalSection
	GlobalSection(ExtensibilityGlobals) = postSolution
		SolutionGuid = {782944B9-D408-4413-9886-CA9185934EB6}
	EndGlobalSection
EndGlobal
